// !$*UTF8*$!
{
	archiveVersion = 1;
	classes = {
	};
	objectVersion = 50;
	objects = {

/* Begin PBXBuildFile section */
		2B843146258FBDF500E60E0A /* LocationDetailsViewController.swift in Sources */ = {isa = PBXBuildFile; fileRef = 2B843145258FBDF500E60E0A /* LocationDetailsViewController.swift */; };
		2B9E5E80258D309900E208DB /* AppDelegate.swift in Sources */ = {isa = PBXBuildFile; fileRef = 2B9E5E7F258D309900E208DB /* AppDelegate.swift */; };
		2B9E5E82258D309900E208DB /* SceneDelegate.swift in Sources */ = {isa = PBXBuildFile; fileRef = 2B9E5E81258D309900E208DB /* SceneDelegate.swift */; };
		2B9E5E84258D309900E208DB /* CurrentLocationViewController.swift in Sources */ = {isa = PBXBuildFile; fileRef = 2B9E5E83258D309900E208DB /* CurrentLocationViewController.swift */; };
		2B9E5E87258D309900E208DB /* Main.storyboard in Resources */ = {isa = PBXBuildFile; fileRef = 2B9E5E85258D309900E208DB /* Main.storyboard */; };
		2B9E5E8A258D309900E208DB /* MyLocations.xcdatamodeld in Sources */ = {isa = PBXBuildFile; fileRef = 2B9E5E88258D309900E208DB /* MyLocations.xcdatamodeld */; };
		2B9E5E8C258D309C00E208DB /* Assets.xcassets in Resources */ = {isa = PBXBuildFile; fileRef = 2B9E5E8B258D309C00E208DB /* Assets.xcassets */; };
		2B9E5E8F258D309C00E208DB /* LaunchScreen.storyboard in Resources */ = {isa = PBXBuildFile; fileRef = 2B9E5E8D258D309C00E208DB /* LaunchScreen.storyboard */; };
		2BA3C049259413D90027F749 /* UIImage+Resize.swift in Sources */ = {isa = PBXBuildFile; fileRef = 2BA3C048259413D90027F749 /* UIImage+Resize.swift */; };
		2BA3C04D25941C9C0027F749 /* String+AddText.swift in Sources */ = {isa = PBXBuildFile; fileRef = 2BA3C04C25941C9C0027F749 /* String+AddText.swift */; };
		2BA3C05425944D470027F749 /* Sound.caf in Resources */ = {isa = PBXBuildFile; fileRef = 2BA3C05325944D460027F749 /* Sound.caf */; };
		2BAD9FD225918EB4004A29FA /* MapViewController.swift in Sources */ = {isa = PBXBuildFile; fileRef = 2BAD9FD125918EB4004A29FA /* MapViewController.swift */; };
		2BF07F6C2590236B00F6D19B /* CategoryPickerViewController.swift in Sources */ = {isa = PBXBuildFile; fileRef = 2BF07F6B2590236B00F6D19B /* CategoryPickerViewController.swift */; };
		2BF07F7025903DEF00F6D19B /* HudView.swift in Sources */ = {isa = PBXBuildFile; fileRef = 2BF07F6F25903DEF00F6D19B /* HudView.swift */; };
		2BF07F732590D27400F6D19B /* Functions.swift in Sources */ = {isa = PBXBuildFile; fileRef = 2BF07F722590D27400F6D19B /* Functions.swift */; };
		2BF07F772590DC4C00F6D19B /* Location+CoreDataClass.swift in Sources */ = {isa = PBXBuildFile; fileRef = 2BF07F752590DC4C00F6D19B /* Location+CoreDataClass.swift */; };
		2BF07F782590DC4C00F6D19B /* Location+CoreDataProperties.swift in Sources */ = {isa = PBXBuildFile; fileRef = 2BF07F762590DC4C00F6D19B /* Location+CoreDataProperties.swift */; };
		2BF07F7E25911CE700F6D19B /* LocationsViewController.swift in Sources */ = {isa = PBXBuildFile; fileRef = 2BF07F7D25911CE700F6D19B /* LocationsViewController.swift */; };
		2BF07F812591677100F6D19B /* LocationCell.swift in Sources */ = {isa = PBXBuildFile; fileRef = 2BF07F802591677100F6D19B /* LocationCell.swift */; };
/* End PBXBuildFile section */

/* Begin PBXFileReference section */
		2B843145258FBDF500E60E0A /* LocationDetailsViewController.swift */ = {isa = PBXFileReference; lastKnownFileType = sourcecode.swift; path = LocationDetailsViewController.swift; sourceTree = "<group>"; };
		2B9E5E7C258D309900E208DB /* MyLocations.app */ = {isa = PBXFileReference; explicitFileType = wrapper.application; includeInIndex = 0; path = MyLocations.app; sourceTree = BUILT_PRODUCTS_DIR; };
		2B9E5E7F258D309900E208DB /* AppDelegate.swift */ = {isa = PBXFileReference; lastKnownFileType = sourcecode.swift; path = AppDelegate.swift; sourceTree = "<group>"; };
		2B9E5E81258D309900E208DB /* SceneDelegate.swift */ = {isa = PBXFileReference; lastKnownFileType = sourcecode.swift; path = SceneDelegate.swift; sourceTree = "<group>"; };
		2B9E5E83258D309900E208DB /* CurrentLocationViewController.swift */ = {isa = PBXFileReference; lastKnownFileType = sourcecode.swift; path = CurrentLocationViewController.swift; sourceTree = "<group>"; };
		2B9E5E86258D309900E208DB /* Base */ = {isa = PBXFileReference; lastKnownFileType = file.storyboard; name = Base; path = Base.lproj/Main.storyboard; sourceTree = "<group>"; };
		2B9E5E89258D309900E208DB /* MyLocations.xcdatamodel */ = {isa = PBXFileReference; lastKnownFileType = wrapper.xcdatamodel; path = MyLocations.xcdatamodel; sourceTree = "<group>"; };
		2B9E5E8B258D309C00E208DB /* Assets.xcassets */ = {isa = PBXFileReference; lastKnownFileType = folder.assetcatalog; path = Assets.xcassets; sourceTree = "<group>"; };
		2B9E5E8E258D309C00E208DB /* Base */ = {isa = PBXFileReference; lastKnownFileType = file.storyboard; name = Base; path = Base.lproj/LaunchScreen.storyboard; sourceTree = "<group>"; };
		2B9E5E90258D309C00E208DB /* Info.plist */ = {isa = PBXFileReference; lastKnownFileType = text.plist.xml; path = Info.plist; sourceTree = "<group>"; };
		2BA3C048259413D90027F749 /* UIImage+Resize.swift */ = {isa = PBXFileReference; lastKnownFileType = sourcecode.swift; path = "UIImage+Resize.swift"; sourceTree = "<group>"; };
		2BA3C04C25941C9C0027F749 /* String+AddText.swift */ = {isa = PBXFileReference; lastKnownFileType = sourcecode.swift; path = "String+AddText.swift"; sourceTree = "<group>"; };
		2BA3C05325944D460027F749 /* Sound.caf */ = {isa = PBXFileReference; lastKnownFileType = file; path = Sound.caf; sourceTree = "<group>"; };
		2BAD9FD125918EB4004A29FA /* MapViewController.swift */ = {isa = PBXFileReference; lastKnownFileType = sourcecode.swift; path = MapViewController.swift; sourceTree = "<group>"; };
		2BF07F6B2590236B00F6D19B /* CategoryPickerViewController.swift */ = {isa = PBXFileReference; lastKnownFileType = sourcecode.swift; path = CategoryPickerViewController.swift; sourceTree = "<group>"; };
		2BF07F6F25903DEF00F6D19B /* HudView.swift */ = {isa = PBXFileReference; lastKnownFileType = sourcecode.swift; path = HudView.swift; sourceTree = "<group>"; };
		2BF07F722590D27400F6D19B /* Functions.swift */ = {isa = PBXFileReference; lastKnownFileType = sourcecode.swift; path = Functions.swift; sourceTree = "<group>"; };
		2BF07F752590DC4C00F6D19B /* Location+CoreDataClass.swift */ = {isa = PBXFileReference; lastKnownFileType = sourcecode.swift; path = "Location+CoreDataClass.swift"; sourceTree = "<group>"; };
		2BF07F762590DC4C00F6D19B /* Location+CoreDataProperties.swift */ = {isa = PBXFileReference; lastKnownFileType = sourcecode.swift; path = "Location+CoreDataProperties.swift"; sourceTree = "<group>"; };
		2BF07F7D25911CE700F6D19B /* LocationsViewController.swift */ = {isa = PBXFileReference; lastKnownFileType = sourcecode.swift; path = LocationsViewController.swift; sourceTree = "<group>"; };
		2BF07F802591677100F6D19B /* LocationCell.swift */ = {isa = PBXFileReference; lastKnownFileType = sourcecode.swift; path = LocationCell.swift; sourceTree = "<group>"; };
/* End PBXFileReference section */

/* Begin PBXFrameworksBuildPhase section */
		2B9E5E79258D309900E208DB /* Frameworks */ = {
			isa = PBXFrameworksBuildPhase;
			buildActionMask = 2147483647;
			files = (
			);
			runOnlyForDeploymentPostprocessing = 0;
		};
/* End PBXFrameworksBuildPhase section */

/* Begin PBXGroup section */
		2B843148258FBE0F00E60E0A /* View Controllers */ = {
			isa = PBXGroup;
			children = (
				2BF07F6B2590236B00F6D19B /* CategoryPickerViewController.swift */,
				2B9E5E83258D309900E208DB /* CurrentLocationViewController.swift */,
				2B843145258FBDF500E60E0A /* LocationDetailsViewController.swift */,
				2BF07F7D25911CE700F6D19B /* LocationsViewController.swift */,
				2BAD9FD125918EB4004A29FA /* MapViewController.swift */,
			);
			path = "View Controllers";
			sourceTree = "<group>";
		};
		2B843149258FBE9E00E60E0A /* Resources */ = {
			isa = PBXGroup;
			children = (
				2BF07F722590D27400F6D19B /* Functions.swift */,
				2BF07F6F25903DEF00F6D19B /* HudView.swift */,
				2BF07F802591677100F6D19B /* LocationCell.swift */,
				2BA3C04C25941C9C0027F749 /* String+AddText.swift */,
				2BA3C048259413D90027F749 /* UIImage+Resize.swift */,
				2B9E5E8B258D309C00E208DB /* Assets.xcassets */,
				2B9E5E8D258D309C00E208DB /* LaunchScreen.storyboard */,
				2B9E5E85258D309900E208DB /* Main.storyboard */,
				2BA3C05225944D460027F749 /* Sound */,
			);
			path = Resources;
			sourceTree = "<group>";
		};
		2B9E5E73258D309900E208DB = {
			isa = PBXGroup;
			children = (
				2B9E5E7E258D309900E208DB /* MyLocations */,
				2B9E5E7D258D309900E208DB /* Products */,
			);
			sourceTree = "<group>";
		};
		2B9E5E7D258D309900E208DB /* Products */ = {
			isa = PBXGroup;
			children = (
				2B9E5E7C258D309900E208DB /* MyLocations.app */,
			);
			name = Products;
			sourceTree = "<group>";
		};
		2B9E5E7E258D309900E208DB /* MyLocations */ = {
			isa = PBXGroup;
			children = (
				2BF07F7B25911A6C00F6D19B /* Data Model */,
				2B843149258FBE9E00E60E0A /* Resources */,
				2B843148258FBE0F00E60E0A /* View Controllers */,
				2B9E5E7F258D309900E208DB /* AppDelegate.swift */,
				2B9E5E81258D309900E208DB /* SceneDelegate.swift */,
				2B9E5E90258D309C00E208DB /* Info.plist */,
				2B9E5E88258D309900E208DB /* MyLocations.xcdatamodeld */,
			);
			path = MyLocations;
			sourceTree = "<group>";
		};
		2BA3C05225944D460027F749 /* Sound */ = {
			isa = PBXGroup;
			children = (
				2BA3C05325944D460027F749 /* Sound.caf */,
			);
			path = Sound;
			sourceTree = "<group>";
		};
		2BF07F7B25911A6C00F6D19B /* Data Model */ = {
			isa = PBXGroup;
			children = (
				2BF07F762590DC4C00F6D19B /* Location+CoreDataProperties.swift */,
				2BF07F752590DC4C00F6D19B /* Location+CoreDataClass.swift */,
			);
			path = "Data Model";
			sourceTree = "<group>";
		};
/* End PBXGroup section */

/* Begin PBXNativeTarget section */
		2B9E5E7B258D309900E208DB /* MyLocations */ = {
			isa = PBXNativeTarget;
			buildConfigurationList = 2B9E5E93258D309C00E208DB /* Build configuration list for PBXNativeTarget "MyLocations" */;
			buildPhases = (
				2B9E5E78258D309900E208DB /* Sources */,
				2B9E5E79258D309900E208DB /* Frameworks */,
				2B9E5E7A258D309900E208DB /* Resources */,
			);
			buildRules = (
			);
			dependencies = (
			);
			name = MyLocations;
			productName = MyLocations;
			productReference = 2B9E5E7C258D309900E208DB /* MyLocations.app */;
			productType = "com.apple.product-type.application";
		};
/* End PBXNativeTarget section */

/* Begin PBXProject section */
		2B9E5E74258D309900E208DB /* Project object */ = {
			isa = PBXProject;
			attributes = {
				LastSwiftUpdateCheck = 1230;
				LastUpgradeCheck = 1230;
				TargetAttributes = {
					2B9E5E7B258D309900E208DB = {
						CreatedOnToolsVersion = 12.3;
					};
				};
			};
			buildConfigurationList = 2B9E5E77258D309900E208DB /* Build configuration list for PBXProject "MyLocations" */;
			compatibilityVersion = "Xcode 9.3";
			developmentRegion = en;
			hasScannedForEncodings = 0;
			knownRegions = (
				en,
				Base,
			);
			mainGroup = 2B9E5E73258D309900E208DB;
			productRefGroup = 2B9E5E7D258D309900E208DB /* Products */;
			projectDirPath = "";
			projectRoot = "";
			targets = (
				2B9E5E7B258D309900E208DB /* MyLocations */,
			);
		};
/* End PBXProject section */

/* Begin PBXResourcesBuildPhase section */
		2B9E5E7A258D309900E208DB /* Resources */ = {
			isa = PBXResourcesBuildPhase;
			buildActionMask = 2147483647;
			files = (
				2B9E5E8F258D309C00E208DB /* LaunchScreen.storyboard in Resources */,
				2B9E5E8C258D309C00E208DB /* Assets.xcassets in Resources */,
				2BA3C05425944D470027F749 /* Sound.caf in Resources */,
				2B9E5E87258D309900E208DB /* Main.storyboard in Resources */,
			);
			runOnlyForDeploymentPostprocessing = 0;
		};
/* End PBXResourcesBuildPhase section */

/* Begin PBXSourcesBuildPhase section */
		2B9E5E78258D309900E208DB /* Sources */ = {
			isa = PBXSourcesBuildPhase;
			buildActionMask = 2147483647;
			files = (
				2BF07F6C2590236B00F6D19B /* CategoryPickerViewController.swift in Sources */,
				2B9E5E84258D309900E208DB /* CurrentLocationViewController.swift in Sources */,
				2B9E5E80258D309900E208DB /* AppDelegate.swift in Sources */,
				2BF07F732590D27400F6D19B /* Functions.swift in Sources */,
				2BF07F7E25911CE700F6D19B /* LocationsViewController.swift in Sources */,
				2BF07F782590DC4C00F6D19B /* Location+CoreDataProperties.swift in Sources */,
				2BAD9FD225918EB4004A29FA /* MapViewController.swift in Sources */,
				2BA3C049259413D90027F749 /* UIImage+Resize.swift in Sources */,
				2BF07F812591677100F6D19B /* LocationCell.swift in Sources */,
				2B9E5E8A258D309900E208DB /* MyLocations.xcdatamodeld in Sources */,
				2B9E5E82258D309900E208DB /* SceneDelegate.swift in Sources */,
				2BF07F772590DC4C00F6D19B /* Location+CoreDataClass.swift in Sources */,
				2BA3C04D25941C9C0027F749 /* String+AddText.swift in Sources */,
				2BF07F7025903DEF00F6D19B /* HudView.swift in Sources */,
				2B843146258FBDF500E60E0A /* LocationDetailsViewController.swift in Sources */,
			);
			runOnlyForDeploymentPostprocessing = 0;
		};
/* End PBXSourcesBuildPhase section */

/* Begin PBXVariantGroup section */
		2B9E5E85258D309900E208DB /* Main.storyboard */ = {
			isa = PBXVariantGroup;
			children = (
				2B9E5E86258D309900E208DB /* Base */,
			);
			name = Main.storyboard;
			sourceTree = "<group>";
		};
		2B9E5E8D258D309C00E208DB /* LaunchScreen.storyboard */ = {
			isa = PBXVariantGroup;
			children = (
				2B9E5E8E258D309C00E208DB /* Base */,
			);
			name = LaunchScreen.storyboard;
			sourceTree = "<group>";
		};
/* End PBXVariantGroup section */

/* Begin XCBuildConfiguration section */
		2B9E5E91258D309C00E208DB /* Debug */ = {
			isa = XCBuildConfiguration;
			buildSettings = {
				ALWAYS_SEARCH_USER_PATHS = NO;
				CLANG_ANALYZER_NONNULL = YES;
				CLANG_ANALYZER_NUMBER_OBJECT_CONVERSION = YES_AGGRESSIVE;
				CLANG_CXX_LANGUAGE_STANDARD = "gnu++14";
				CLANG_CXX_LIBRARY = "libc++";
				CLANG_ENABLE_MODULES = YES;
				CLANG_ENABLE_OBJC_ARC = YES;
				CLANG_ENABLE_OBJC_WEAK = YES;
				CLANG_WARN_BLOCK_CAPTURE_AUTORELEASING = YES;
				CLANG_WARN_BOOL_CONVERSION = YES;
				CLANG_WARN_COMMA = YES;
				CLANG_WARN_CONSTANT_CONVERSION = YES;
				CLANG_WARN_DEPRECATED_OBJC_IMPLEMENTATIONS = YES;
				CLANG_WARN_DIRECT_OBJC_ISA_USAGE = YES_ERROR;
				CLANG_WARN_DOCUMENTATION_COMMENTS = YES;
				CLANG_WARN_EMPTY_BODY = YES;
				CLANG_WARN_ENUM_CONVERSION = YES;
				CLANG_WARN_INFINITE_RECURSION = YES;
				CLANG_WARN_INT_CONVERSION = YES;
				CLANG_WARN_NON_LITERAL_NULL_CONVERSION = YES;
				CLANG_WARN_OBJC_IMPLICIT_RETAIN_SELF = YES;
				CLANG_WARN_OBJC_LITERAL_CONVERSION = YES;
				CLANG_WARN_OBJC_ROOT_CLASS = YES_ERROR;
				CLANG_WARN_QUOTED_INCLUDE_IN_FRAMEWORK_HEADER = YES;
				CLANG_WARN_RANGE_LOOP_ANALYSIS = YES;
				CLANG_WARN_STRICT_PROTOTYPES = YES;
				CLANG_WARN_SUSPICIOUS_MOVE = YES;
				CLANG_WARN_UNGUARDED_AVAILABILITY = YES_AGGRESSIVE;
				CLANG_WARN_UNREACHABLE_CODE = YES;
				CLANG_WARN__DUPLICATE_METHOD_MATCH = YES;
				COPY_PHASE_STRIP = NO;
				DEBUG_INFORMATION_FORMAT = dwarf;
				ENABLE_STRICT_OBJC_MSGSEND = YES;
				ENABLE_TESTABILITY = YES;
				GCC_C_LANGUAGE_STANDARD = gnu11;
				GCC_DYNAMIC_NO_PIC = NO;
				GCC_NO_COMMON_BLOCKS = YES;
				GCC_OPTIMIZATION_LEVEL = 0;
				GCC_PREPROCESSOR_DEFINITIONS = (
					"DEBUG=1",
					"$(inherited)",
				);
				GCC_WARN_64_TO_32_BIT_CONVERSION = YES;
				GCC_WARN_ABOUT_RETURN_TYPE = YES_ERROR;
				GCC_WARN_UNDECLARED_SELECTOR = YES;
				GCC_WARN_UNINITIALIZED_AUTOS = YES_AGGRESSIVE;
				GCC_WARN_UNUSED_FUNCTION = YES;
				GCC_WARN_UNUSED_VARIABLE = YES;
				IPHONEOS_DEPLOYMENT_TARGET = 14.3;
				MTL_ENABLE_DEBUG_INFO = INCLUDE_SOURCE;
				MTL_FAST_MATH = YES;
				ONLY_ACTIVE_ARCH = YES;
				SDKROOT = iphoneos;
				SWIFT_ACTIVE_COMPILATION_CONDITIONS = DEBUG;
				SWIFT_OPTIMIZATION_LEVEL = "-Onone";
			};
			name = Debug;
		};
		2B9E5E92258D309C00E208DB /* Release */ = {
			isa = XCBuildConfiguration;
			buildSettings = {
				ALWAYS_SEARCH_USER_PATHS = NO;
				CLANG_ANALYZER_NONNULL = YES;
				CLANG_ANALYZER_NUMBER_OBJECT_CONVERSION = YES_AGGRESSIVE;
				CLANG_CXX_LANGUAGE_STANDARD = "gnu++14";
				CLANG_CXX_LIBRARY = "libc++";
				CLANG_ENABLE_MODULES = YES;
				CLANG_ENABLE_OBJC_ARC = YES;
				CLANG_ENABLE_OBJC_WEAK = YES;
				CLANG_WARN_BLOCK_CAPTURE_AUTORELEASING = YES;
				CLANG_WARN_BOOL_CONVERSION = YES;
				CLANG_WARN_COMMA = YES;
				CLANG_WARN_CONSTANT_CONVERSION = YES;
				CLANG_WARN_DEPRECATED_OBJC_IMPLEMENTATIONS = YES;
				CLANG_WARN_DIRECT_OBJC_ISA_USAGE = YES_ERROR;
				CLANG_WARN_DOCUMENTATION_COMMENTS = YES;
				CLANG_WARN_EMPTY_BODY = YES;
				CLANG_WARN_ENUM_CONVERSION = YES;
				CLANG_WARN_INFINITE_RECURSION = YES;
				CLANG_WARN_INT_CONVERSION = YES;
				CLANG_WARN_NON_LITERAL_NULL_CONVERSION = YES;
				CLANG_WARN_OBJC_IMPLICIT_RETAIN_SELF = YES;
				CLANG_WARN_OBJC_LITERAL_CONVERSION = YES;
				CLANG_WARN_OBJC_ROOT_CLASS = YES_ERROR;
				CLANG_WARN_QUOTED_INCLUDE_IN_FRAMEWORK_HEADER = YES;
				CLANG_WARN_RANGE_LOOP_ANALYSIS = YES;
				CLANG_WARN_STRICT_PROTOTYPES = YES;
				CLANG_WARN_SUSPICIOUS_MOVE = YES;
				CLANG_WARN_UNGUARDED_AVAILABILITY = YES_AGGRESSIVE;
				CLANG_WARN_UNREACHABLE_CODE = YES;
				CLANG_WARN__DUPLICATE_METHOD_MATCH = YES;
				COPY_PHASE_STRIP = NO;
				DEBUG_INFORMATION_FORMAT = "dwarf-with-dsym";
				ENABLE_NS_ASSERTIONS = NO;
				ENABLE_STRICT_OBJC_MSGSEND = YES;
				GCC_C_LANGUAGE_STANDARD = gnu11;
				GCC_NO_COMMON_BLOCKS = YES;
				GCC_WARN_64_TO_32_BIT_CONVERSION = YES;
				GCC_WARN_ABOUT_RETURN_TYPE = YES_ERROR;
				GCC_WARN_UNDECLARED_SELECTOR = YES;
				GCC_WARN_UNINITIALIZED_AUTOS = YES_AGGRESSIVE;
				GCC_WARN_UNUSED_FUNCTION = YES;
				GCC_WARN_UNUSED_VARIABLE = YES;
				IPHONEOS_DEPLOYMENT_TARGET = 14.3;
				MTL_ENABLE_DEBUG_INFO = NO;
				MTL_FAST_MATH = YES;
				SDKROOT = iphoneos;
				SWIFT_COMPILATION_MODE = wholemodule;
				SWIFT_OPTIMIZATION_LEVEL = "-O";
				VALIDATE_PRODUCT = YES;
			};
			name = Release;
		};
		2B9E5E94258D309C00E208DB /* Debug */ = {
			isa = XCBuildConfiguration;
			buildSettings = {
				ASSETCATALOG_COMPILER_APPICON_NAME = AppIcon;
				ASSETCATALOG_COMPILER_GLOBAL_ACCENT_COLOR_NAME = AccentColor;
				CODE_SIGN_STYLE = Automatic;
				DEVELOPMENT_TEAM = KB82824ZMA;
				INFOPLIST_FILE = MyLocations/Info.plist;
				IPHONEOS_DEPLOYMENT_TARGET = 14.2;
				LD_RUNPATH_SEARCH_PATHS = (
					"$(inherited)",
					"@executable_path/Frameworks",
				);
				PRODUCT_BUNDLE_IDENTIFIER = com.wesley.MyLocations;
				PRODUCT_NAME = "$(TARGET_NAME)";
				SWIFT_VERSION = 5.0;
				TARGETED_DEVICE_FAMILY = "1,2";
			};
			name = Debug;
		};
		2B9E5E95258D309C00E208DB /* Release */ = {
			isa = XCBuildConfiguration;
			buildSettings = {
				ASSETCATALOG_COMPILER_APPICON_NAME = AppIcon;
				ASSETCATALOG_COMPILER_GLOBAL_ACCENT_COLOR_NAME = AccentColor;
				CODE_SIGN_STYLE = Automatic;
				DEVELOPMENT_TEAM = KB82824ZMA;
				INFOPLIST_FILE = MyLocations/Info.plist;
				IPHONEOS_DEPLOYMENT_TARGET = 14.2;
				LD_RUNPATH_SEARCH_PATHS = (
					"$(inherited)",
					"@executable_path/Frameworks",
				);
				PRODUCT_BUNDLE_IDENTIFIER = com.wesley.MyLocations;
				PRODUCT_NAME = "$(TARGET_NAME)";
				SWIFT_VERSION = 5.0;
				TARGETED_DEVICE_FAMILY = "1,2";
			};
			name = Release;
		};
/* End XCBuildConfiguration section */

/* Begin XCConfigurationList section */
		2B9E5E77258D309900E208DB /* Build configuration list for PBXProject "MyLocations" */ = {
			isa = XCConfigurationList;
			buildConfigurations = (
				2B9E5E91258D309C00E208DB /* Debug */,
				2B9E5E92258D309C00E208DB /* Release */,
			);
			defaultConfigurationIsVisible = 0;
			defaultConfigurationName = Release;
		};
		2B9E5E93258D309C00E208DB /* Build configuration list for PBXNativeTarget "MyLocations" */ = {
			isa = XCConfigurationList;
			buildConfigurations = (
				2B9E5E94258D309C00E208DB /* Debug */,
				2B9E5E95258D309C00E208DB /* Release */,
			);
			defaultConfigurationIsVisible = 0;
			defaultConfigurationName = Release;
		};
/* End XCConfigurationList section */

/* Begin XCVersionGroup section */
		2B9E5E88258D309900E208DB /* MyLocations.xcdatamodeld */ = {
			isa = XCVersionGroup;
			children = (
				2B9E5E89258D309900E208DB /* MyLocations.xcdatamodel */,
			);
			currentVersion = 2B9E5E89258D309900E208DB /* MyLocations.xcdatamodel */;
			path = MyLocations.xcdatamodeld;
			sourceTree = "<group>";
			versionGroupType = wrapper.xcdatamodel;
		};
/* End XCVersionGroup section */
	};
	rootObject = 2B9E5E74258D309900E208DB /* Project object */;
}
